// !$*UTF8*$!
{
	archiveVersion = 1;
	classes = {
	};
	objectVersion = 51;
	objects = {

/* Begin PBXBuildFile section */
		00C91D9D74D43FF2C23C6513 /* Pods_FTCAppV3.framework in Frameworks */ = {isa = PBXBuildFile; fileRef = 4D8143B20F6B4D5AD26DFBDC /* Pods_FTCAppV3.framework */; };
		2C72ABB624B04BC100A8AC15 /* AppDelegate.swift in Sources */ = {isa = PBXBuildFile; fileRef = 2C72ABB524B04BC100A8AC15 /* AppDelegate.swift */; };
		2C72ABB824B04BC100A8AC15 /* SceneDelegate.swift in Sources */ = {isa = PBXBuildFile; fileRef = 2C72ABB724B04BC100A8AC15 /* SceneDelegate.swift */; };
		2C72ABBA24B04BC100A8AC15 /* ContentView.swift in Sources */ = {isa = PBXBuildFile; fileRef = 2C72ABB924B04BC100A8AC15 /* ContentView.swift */; };
		2C72ABBC24B04BC300A8AC15 /* Assets.xcassets in Resources */ = {isa = PBXBuildFile; fileRef = 2C72ABBB24B04BC300A8AC15 /* Assets.xcassets */; };
		2C72ABBF24B04BC300A8AC15 /* Preview Assets.xcassets in Resources */ = {isa = PBXBuildFile; fileRef = 2C72ABBE24B04BC300A8AC15 /* Preview Assets.xcassets */; };
		2C72ABC224B04BC300A8AC15 /* LaunchScreen.storyboard in Resources */ = {isa = PBXBuildFile; fileRef = 2C72ABC024B04BC300A8AC15 /* LaunchScreen.storyboard */; };
		2C72ABCD24B04BC300A8AC15 /* FTCAppV3Tests.swift in Sources */ = {isa = PBXBuildFile; fileRef = 2C72ABCC24B04BC300A8AC15 /* FTCAppV3Tests.swift */; };
		2C72ABD824B04BC300A8AC15 /* FTCAppV3UITests.swift in Sources */ = {isa = PBXBuildFile; fileRef = 2C72ABD724B04BC300A8AC15 /* FTCAppV3UITests.swift */; };
		2C72ABE624B0510500A8AC15 /* MessagePage.swift in Sources */ = {isa = PBXBuildFile; fileRef = 2C72ABE524B0510500A8AC15 /* MessagePage.swift */; };
		2C72ABE824B0515300A8AC15 /* ListMessage.swift in Sources */ = {isa = PBXBuildFile; fileRef = 2C72ABE724B0515300A8AC15 /* ListMessage.swift */; };
		2C72ABEA24B0518400A8AC15 /* IDData.swift in Sources */ = {isa = PBXBuildFile; fileRef = 2C72ABE924B0518400A8AC15 /* IDData.swift */; };
		2C72ABEC24B0519600A8AC15 /* DataFire.swift in Sources */ = {isa = PBXBuildFile; fileRef = 2C72ABEB24B0519600A8AC15 /* DataFire.swift */; };
		2C72ABEE24B051C000A8AC15 /* ImagePicker.swift in Sources */ = {isa = PBXBuildFile; fileRef = 2C72ABED24B051C000A8AC15 /* ImagePicker.swift */; };
		3BDBF176745A44B0067BDDB8 /* Pods_FTCAppV3Tests.framework in Frameworks */ = {isa = PBXBuildFile; fileRef = 3330FD27B03203576099BD57 /* Pods_FTCAppV3Tests.framework */; };
		8A66C036F03CEE64254320A8 /* Pods_FTCAppV3_FTCAppV3UITests.framework in Frameworks */ = {isa = PBXBuildFile; fileRef = 5E1036DDF173732DC49E0CF0 /* Pods_FTCAppV3_FTCAppV3UITests.framework */; };
/* End PBXBuildFile section */

/* Begin PBXContainerItemProxy section */
		2C72ABC924B04BC300A8AC15 /* PBXContainerItemProxy */ = {
			isa = PBXContainerItemProxy;
			containerPortal = 2C72ABAA24B04BC100A8AC15 /* Project object */;
			proxyType = 1;
			remoteGlobalIDString = 2C72ABB124B04BC100A8AC15;
			remoteInfo = FTCAppV3;
		};
		2C72ABD424B04BC300A8AC15 /* PBXContainerItemProxy */ = {
			isa = PBXContainerItemProxy;
			containerPortal = 2C72ABAA24B04BC100A8AC15 /* Project object */;
			proxyType = 1;
			remoteGlobalIDString = 2C72ABB124B04BC100A8AC15;
			remoteInfo = FTCAppV3;
		};
/* End PBXContainerItemProxy section */

/* Begin PBXFileReference section */
		13265EEC006AE52C8E1F50D2 /* Pods-FTCAppV3Tests.release.xcconfig */ = {isa = PBXFileReference; includeInIndex = 1; lastKnownFileType = text.xcconfig; name = "Pods-FTCAppV3Tests.release.xcconfig"; path = "Target Support Files/Pods-FTCAppV3Tests/Pods-FTCAppV3Tests.release.xcconfig"; sourceTree = "<group>"; };
		2AA3946504A65E36F2D03F53 /* Pods-FTCAppV3-FTCAppV3UITests.release.xcconfig */ = {isa = PBXFileReference; includeInIndex = 1; lastKnownFileType = text.xcconfig; name = "Pods-FTCAppV3-FTCAppV3UITests.release.xcconfig"; path = "Target Support Files/Pods-FTCAppV3-FTCAppV3UITests/Pods-FTCAppV3-FTCAppV3UITests.release.xcconfig"; sourceTree = "<group>"; };
		2C72ABB224B04BC100A8AC15 /* FTCAppV3.app */ = {isa = PBXFileReference; explicitFileType = wrapper.application; includeInIndex = 0; path = FTCAppV3.app; sourceTree = BUILT_PRODUCTS_DIR; };
		2C72ABB524B04BC100A8AC15 /* AppDelegate.swift */ = {isa = PBXFileReference; lastKnownFileType = sourcecode.swift; path = AppDelegate.swift; sourceTree = "<group>"; };
		2C72ABB724B04BC100A8AC15 /* SceneDelegate.swift */ = {isa = PBXFileReference; lastKnownFileType = sourcecode.swift; path = SceneDelegate.swift; sourceTree = "<group>"; };
		2C72ABB924B04BC100A8AC15 /* ContentView.swift */ = {isa = PBXFileReference; lastKnownFileType = sourcecode.swift; path = ContentView.swift; sourceTree = "<group>"; };
		2C72ABBB24B04BC300A8AC15 /* Assets.xcassets */ = {isa = PBXFileReference; lastKnownFileType = folder.assetcatalog; path = Assets.xcassets; sourceTree = "<group>"; };
		2C72ABBE24B04BC300A8AC15 /* Preview Assets.xcassets */ = {isa = PBXFileReference; lastKnownFileType = folder.assetcatalog; path = "Preview Assets.xcassets"; sourceTree = "<group>"; };
		2C72ABC124B04BC300A8AC15 /* Base */ = {isa = PBXFileReference; lastKnownFileType = file.storyboard; name = Base; path = Base.lproj/LaunchScreen.storyboard; sourceTree = "<group>"; };
		2C72ABC324B04BC300A8AC15 /* Info.plist */ = {isa = PBXFileReference; lastKnownFileType = text.plist.xml; path = Info.plist; sourceTree = "<group>"; };
		2C72ABC824B04BC300A8AC15 /* FTCAppV3Tests.xctest */ = {isa = PBXFileReference; explicitFileType = wrapper.cfbundle; includeInIndex = 0; path = FTCAppV3Tests.xctest; sourceTree = BUILT_PRODUCTS_DIR; };
		2C72ABCC24B04BC300A8AC15 /* FTCAppV3Tests.swift */ = {isa = PBXFileReference; lastKnownFileType = sourcecode.swift; path = FTCAppV3Tests.swift; sourceTree = "<group>"; };
		2C72ABCE24B04BC300A8AC15 /* Info.plist */ = {isa = PBXFileReference; lastKnownFileType = text.plist.xml; path = Info.plist; sourceTree = "<group>"; };
		2C72ABD324B04BC300A8AC15 /* FTCAppV3UITests.xctest */ = {isa = PBXFileReference; explicitFileType = wrapper.cfbundle; includeInIndex = 0; path = FTCAppV3UITests.xctest; sourceTree = BUILT_PRODUCTS_DIR; };
		2C72ABD724B04BC300A8AC15 /* FTCAppV3UITests.swift */ = {isa = PBXFileReference; lastKnownFileType = sourcecode.swift; path = FTCAppV3UITests.swift; sourceTree = "<group>"; };
		2C72ABD924B04BC300A8AC15 /* Info.plist */ = {isa = PBXFileReference; lastKnownFileType = text.plist.xml; path = Info.plist; sourceTree = "<group>"; };
		2C72ABE524B0510500A8AC15 /* MessagePage.swift */ = {isa = PBXFileReference; fileEncoding = 4; lastKnownFileType = sourcecode.swift; path = MessagePage.swift; sourceTree = "<group>"; };
		2C72ABE724B0515300A8AC15 /* ListMessage.swift */ = {isa = PBXFileReference; fileEncoding = 4; lastKnownFileType = sourcecode.swift; path = ListMessage.swift; sourceTree = "<group>"; };
		2C72ABE924B0518400A8AC15 /* IDData.swift */ = {isa = PBXFileReference; fileEncoding = 4; lastKnownFileType = sourcecode.swift; path = IDData.swift; sourceTree = "<group>"; };
		2C72ABEB24B0519600A8AC15 /* DataFire.swift */ = {isa = PBXFileReference; fileEncoding = 4; lastKnownFileType = sourcecode.swift; path = DataFire.swift; sourceTree = "<group>"; };
		2C72ABED24B051C000A8AC15 /* ImagePicker.swift */ = {isa = PBXFileReference; fileEncoding = 4; lastKnownFileType = sourcecode.swift; path = ImagePicker.swift; sourceTree = "<group>"; };
		3330FD27B03203576099BD57 /* Pods_FTCAppV3Tests.framework */ = {isa = PBXFileReference; explicitFileType = wrapper.framework; includeInIndex = 0; path = Pods_FTCAppV3Tests.framework; sourceTree = BUILT_PRODUCTS_DIR; };
		4D8143B20F6B4D5AD26DFBDC /* Pods_FTCAppV3.framework */ = {isa = PBXFileReference; explicitFileType = wrapper.framework; includeInIndex = 0; path = Pods_FTCAppV3.framework; sourceTree = BUILT_PRODUCTS_DIR; };
		5E1036DDF173732DC49E0CF0 /* Pods_FTCAppV3_FTCAppV3UITests.framework */ = {isa = PBXFileReference; explicitFileType = wrapper.framework; includeInIndex = 0; path = Pods_FTCAppV3_FTCAppV3UITests.framework; sourceTree = BUILT_PRODUCTS_DIR; };
		7FDA72F4CBDEC452242FFFCD /* Pods-FTCAppV3.release.xcconfig */ = {isa = PBXFileReference; includeInIndex = 1; lastKnownFileType = text.xcconfig; name = "Pods-FTCAppV3.release.xcconfig"; path = "Target Support Files/Pods-FTCAppV3/Pods-FTCAppV3.release.xcconfig"; sourceTree = "<group>"; };
		BF3A7100E0C40055B47D2A9C /* Pods-FTCAppV3Tests.debug.xcconfig */ = {isa = PBXFileReference; includeInIndex = 1; lastKnownFileType = text.xcconfig; name = "Pods-FTCAppV3Tests.debug.xcconfig"; path = "Target Support Files/Pods-FTCAppV3Tests/Pods-FTCAppV3Tests.debug.xcconfig"; sourceTree = "<group>"; };
		E3459533EA1F7CC664A71AE2 /* Pods-FTCAppV3.debug.xcconfig */ = {isa = PBXFileReference; includeInIndex = 1; lastKnownFileType = text.xcconfig; name = "Pods-FTCAppV3.debug.xcconfig"; path = "Target Support Files/Pods-FTCAppV3/Pods-FTCAppV3.debug.xcconfig"; sourceTree = "<group>"; };
		E51E33FD03729A718AFCDBBF /* Pods-FTCAppV3-FTCAppV3UITests.debug.xcconfig */ = {isa = PBXFileReference; includeInIndex = 1; lastKnownFileType = text.xcconfig; name = "Pods-FTCAppV3-FTCAppV3UITests.debug.xcconfig"; path = "Target Support Files/Pods-FTCAppV3-FTCAppV3UITests/Pods-FTCAppV3-FTCAppV3UITests.debug.xcconfig"; sourceTree = "<group>"; };
/* End PBXFileReference section */

/* Begin PBXFrameworksBuildPhase section */
		2C72ABAF24B04BC100A8AC15 /* Frameworks */ = {
			isa = PBXFrameworksBuildPhase;
			buildActionMask = 2147483647;
			files = (
				00C91D9D74D43FF2C23C6513 /* Pods_FTCAppV3.framework in Frameworks */,
			);
			runOnlyForDeploymentPostprocessing = 0;
		};
		2C72ABC524B04BC300A8AC15 /* Frameworks */ = {
			isa = PBXFrameworksBuildPhase;
			buildActionMask = 2147483647;
			files = (
				3BDBF176745A44B0067BDDB8 /* Pods_FTCAppV3Tests.framework in Frameworks */,
			);
			runOnlyForDeploymentPostprocessing = 0;
		};
		2C72ABD024B04BC300A8AC15 /* Frameworks */ = {
			isa = PBXFrameworksBuildPhase;
			buildActionMask = 2147483647;
			files = (
				8A66C036F03CEE64254320A8 /* Pods_FTCAppV3_FTCAppV3UITests.framework in Frameworks */,
			);
			runOnlyForDeploymentPostprocessing = 0;
		};
/* End PBXFrameworksBuildPhase section */

/* Begin PBXGroup section */
		08F23FF1EB5B4705CB8CAE97 /* Frameworks */ = {
			isa = PBXGroup;
			children = (
				4D8143B20F6B4D5AD26DFBDC /* Pods_FTCAppV3.framework */,
				5E1036DDF173732DC49E0CF0 /* Pods_FTCAppV3_FTCAppV3UITests.framework */,
				3330FD27B03203576099BD57 /* Pods_FTCAppV3Tests.framework */,
			);
			name = Frameworks;
			sourceTree = "<group>";
		};
		2C72ABA924B04BC100A8AC15 = {
			isa = PBXGroup;
			children = (
				2C72ABB424B04BC100A8AC15 /* FTCAppV3 */,
				2C72ABCB24B04BC300A8AC15 /* FTCAppV3Tests */,
				2C72ABD624B04BC300A8AC15 /* FTCAppV3UITests */,
				2C72ABB324B04BC100A8AC15 /* Products */,
				A999830E9DD53C7275024D16 /* Pods */,
				08F23FF1EB5B4705CB8CAE97 /* Frameworks */,
			);
			sourceTree = "<group>";
		};
		2C72ABB324B04BC100A8AC15 /* Products */ = {
			isa = PBXGroup;
			children = (
				2C72ABB224B04BC100A8AC15 /* FTCAppV3.app */,
				2C72ABC824B04BC300A8AC15 /* FTCAppV3Tests.xctest */,
				2C72ABD324B04BC300A8AC15 /* FTCAppV3UITests.xctest */,
			);
			name = Products;
			sourceTree = "<group>";
		};
		2C72ABB424B04BC100A8AC15 /* FTCAppV3 */ = {
			isa = PBXGroup;
			children = (
				2C72ABB524B04BC100A8AC15 /* AppDelegate.swift */,
				2C72ABB724B04BC100A8AC15 /* SceneDelegate.swift */,
				2C72ABE524B0510500A8AC15 /* MessagePage.swift */,
				2C72ABB924B04BC100A8AC15 /* ContentView.swift */,
				2C72ABE724B0515300A8AC15 /* ListMessage.swift */,
				2C72ABEB24B0519600A8AC15 /* DataFire.swift */,
				2C72ABED24B051C000A8AC15 /* ImagePicker.swift */,
				2C72ABE924B0518400A8AC15 /* IDData.swift */,
				2C72ABBB24B04BC300A8AC15 /* Assets.xcassets */,
				2C72ABC024B04BC300A8AC15 /* LaunchScreen.storyboard */,
				2C72ABC324B04BC300A8AC15 /* Info.plist */,
				2C72ABBD24B04BC300A8AC15 /* Preview Content */,
			);
			path = FTCAppV3;
			sourceTree = "<group>";
		};
		2C72ABBD24B04BC300A8AC15 /* Preview Content */ = {
			isa = PBXGroup;
			children = (
				2C72ABBE24B04BC300A8AC15 /* Preview Assets.xcassets */,
			);
			path = "Preview Content";
			sourceTree = "<group>";
		};
		2C72ABCB24B04BC300A8AC15 /* FTCAppV3Tests */ = {
			isa = PBXGroup;
			children = (
				2C72ABCC24B04BC300A8AC15 /* FTCAppV3Tests.swift */,
				2C72ABCE24B04BC300A8AC15 /* Info.plist */,
			);
			path = FTCAppV3Tests;
			sourceTree = "<group>";
		};
		2C72ABD624B04BC300A8AC15 /* FTCAppV3UITests */ = {
			isa = PBXGroup;
			children = (
				2C72ABD724B04BC300A8AC15 /* FTCAppV3UITests.swift */,
				2C72ABD924B04BC300A8AC15 /* Info.plist */,
			);
			path = FTCAppV3UITests;
			sourceTree = "<group>";
		};
		A999830E9DD53C7275024D16 /* Pods */ = {
			isa = PBXGroup;
			children = (
				E3459533EA1F7CC664A71AE2 /* Pods-FTCAppV3.debug.xcconfig */,
				7FDA72F4CBDEC452242FFFCD /* Pods-FTCAppV3.release.xcconfig */,
				E51E33FD03729A718AFCDBBF /* Pods-FTCAppV3-FTCAppV3UITests.debug.xcconfig */,
				2AA3946504A65E36F2D03F53 /* Pods-FTCAppV3-FTCAppV3UITests.release.xcconfig */,
				BF3A7100E0C40055B47D2A9C /* Pods-FTCAppV3Tests.debug.xcconfig */,
				13265EEC006AE52C8E1F50D2 /* Pods-FTCAppV3Tests.release.xcconfig */,
			);
			path = Pods;
			sourceTree = "<group>";
		};
/* End PBXGroup section */

/* Begin PBXNativeTarget section */
		2C72ABB124B04BC100A8AC15 /* FTCAppV3 */ = {
			isa = PBXNativeTarget;
			buildConfigurationList = 2C72ABDC24B04BC300A8AC15 /* Build configuration list for PBXNativeTarget "FTCAppV3" */;
			buildPhases = (
				09FA12F0F4FC27411B116FE8 /* [CP] Check Pods Manifest.lock */,
				2C72ABAE24B04BC100A8AC15 /* Sources */,
				2C72ABAF24B04BC100A8AC15 /* Frameworks */,
				2C72ABB024B04BC100A8AC15 /* Resources */,
				B69ABE51CAE3852094EFECD2 /* [CP] Embed Pods Frameworks */,
			);
			buildRules = (
			);
			dependencies = (
			);
			name = FTCAppV3;
			productName = FTCAppV3;
			productReference = 2C72ABB224B04BC100A8AC15 /* FTCAppV3.app */;
			productType = "com.apple.product-type.application";
		};
		2C72ABC724B04BC300A8AC15 /* FTCAppV3Tests */ = {
			isa = PBXNativeTarget;
			buildConfigurationList = 2C72ABDF24B04BC300A8AC15 /* Build configuration list for PBXNativeTarget "FTCAppV3Tests" */;
			buildPhases = (
				F1BD74C6E5CF84DB77E64E6B /* [CP] Check Pods Manifest.lock */,
				2C72ABC424B04BC300A8AC15 /* Sources */,
				2C72ABC524B04BC300A8AC15 /* Frameworks */,
				2C72ABC624B04BC300A8AC15 /* Resources */,
			);
			buildRules = (
			);
			dependencies = (
				2C72ABCA24B04BC300A8AC15 /* PBXTargetDependency */,
			);
			name = FTCAppV3Tests;
			productName = FTCAppV3Tests;
			productReference = 2C72ABC824B04BC300A8AC15 /* FTCAppV3Tests.xctest */;
			productType = "com.apple.product-type.bundle.unit-test";
		};
		2C72ABD224B04BC300A8AC15 /* FTCAppV3UITests */ = {
			isa = PBXNativeTarget;
			buildConfigurationList = 2C72ABE224B04BC300A8AC15 /* Build configuration list for PBXNativeTarget "FTCAppV3UITests" */;
			buildPhases = (
				00F78F25EFC9FA0FA2718E17 /* [CP] Check Pods Manifest.lock */,
				2C72ABCF24B04BC300A8AC15 /* Sources */,
				2C72ABD024B04BC300A8AC15 /* Frameworks */,
				2C72ABD124B04BC300A8AC15 /* Resources */,
				24DCA6940EE4453ED6992015 /* [CP] Embed Pods Frameworks */,
			);
			buildRules = (
			);
			dependencies = (
				2C72ABD524B04BC300A8AC15 /* PBXTargetDependency */,
			);
			name = FTCAppV3UITests;
			productName = FTCAppV3UITests;
			productReference = 2C72ABD324B04BC300A8AC15 /* FTCAppV3UITests.xctest */;
			productType = "com.apple.product-type.bundle.ui-testing";
		};
/* End PBXNativeTarget section */

/* Begin PBXProject section */
		2C72ABAA24B04BC100A8AC15 /* Project object */ = {
			isa = PBXProject;
			attributes = {
				LastSwiftUpdateCheck = 1140;
				LastUpgradeCheck = 1140;
				ORGANIZATIONNAME = "Rohit Ravi";
				TargetAttributes = {
					2C72ABB124B04BC100A8AC15 = {
						CreatedOnToolsVersion = 11.4.1;
					};
					2C72ABC724B04BC300A8AC15 = {
						CreatedOnToolsVersion = 11.4.1;
						TestTargetID = 2C72ABB124B04BC100A8AC15;
					};
					2C72ABD224B04BC300A8AC15 = {
						CreatedOnToolsVersion = 11.4.1;
						TestTargetID = 2C72ABB124B04BC100A8AC15;
					};
				};
			};
			buildConfigurationList = 2C72ABAD24B04BC100A8AC15 /* Build configuration list for PBXProject "FTCAppV3" */;
			compatibilityVersion = "Xcode 9.3";
			developmentRegion = en;
			hasScannedForEncodings = 0;
			knownRegions = (
				en,
				Base,
			);
			mainGroup = 2C72ABA924B04BC100A8AC15;
			productRefGroup = 2C72ABB324B04BC100A8AC15 /* Products */;
			projectDirPath = "";
			projectRoot = "";
			targets = (
				2C72ABB124B04BC100A8AC15 /* FTCAppV3 */,
				2C72ABC724B04BC300A8AC15 /* FTCAppV3Tests */,
				2C72ABD224B04BC300A8AC15 /* FTCAppV3UITests */,
			);
		};
/* End PBXProject section */

/* Begin PBXResourcesBuildPhase section */
		2C72ABB024B04BC100A8AC15 /* Resources */ = {
			isa = PBXResourcesBuildPhase;
			buildActionMask = 2147483647;
			files = (
				2C72ABC224B04BC300A8AC15 /* LaunchScreen.storyboard in Resources */,
				2C72ABBF24B04BC300A8AC15 /* Preview Assets.xcassets in Resources */,
				2C72ABBC24B04BC300A8AC15 /* Assets.xcassets in Resources */,
			);
			runOnlyForDeploymentPostprocessing = 0;
		};
		2C72ABC624B04BC300A8AC15 /* Resources */ = {
			isa = PBXResourcesBuildPhase;
			buildActionMask = 2147483647;
			files = (
			);
			runOnlyForDeploymentPostprocessing = 0;
		};
		2C72ABD124B04BC300A8AC15 /* Resources */ = {
			isa = PBXResourcesBuildPhase;
			buildActionMask = 2147483647;
			files = (
			);
			runOnlyForDeploymentPostprocessing = 0;
		};
/* End PBXResourcesBuildPhase section */

/* Begin PBXShellScriptBuildPhase section */
		00F78F25EFC9FA0FA2718E17 /* [CP] Check Pods Manifest.lock */ = {
			isa = PBXShellScriptBuildPhase;
			buildActionMask = 2147483647;
			files = (
			);
			inputFileListPaths = (
			);
			inputPaths = (
				"${PODS_PODFILE_DIR_PATH}/Podfile.lock",
				"${PODS_ROOT}/Manifest.lock",
			);
			name = "[CP] Check Pods Manifest.lock";
			outputFileListPaths = (
			);
			outputPaths = (
				"$(DERIVED_FILE_DIR)/Pods-FTCAppV3-FTCAppV3UITests-checkManifestLockResult.txt",
			);
			runOnlyForDeploymentPostprocessing = 0;
			shellPath = /bin/sh;
			shellScript = "diff \"${PODS_PODFILE_DIR_PATH}/Podfile.lock\" \"${PODS_ROOT}/Manifest.lock\" > /dev/null\nif [ $? != 0 ] ; then\n    # print error to STDERR\n    echo \"error: The sandbox is not in sync with the Podfile.lock. Run 'pod install' or update your CocoaPods installation.\" >&2\n    exit 1\nfi\n# This output is used by Xcode 'outputs' to avoid re-running this script phase.\necho \"SUCCESS\" > \"${SCRIPT_OUTPUT_FILE_0}\"\n";
			showEnvVarsInLog = 0;
		};
		09FA12F0F4FC27411B116FE8 /* [CP] Check Pods Manifest.lock */ = {
			isa = PBXShellScriptBuildPhase;
			buildActionMask = 2147483647;
			files = (
			);
			inputFileListPaths = (
			);
			inputPaths = (
				"${PODS_PODFILE_DIR_PATH}/Podfile.lock",
				"${PODS_ROOT}/Manifest.lock",
			);
			name = "[CP] Check Pods Manifest.lock";
			outputFileListPaths = (
			);
			outputPaths = (
				"$(DERIVED_FILE_DIR)/Pods-FTCAppV3-checkManifestLockResult.txt",
			);
			runOnlyForDeploymentPostprocessing = 0;
			shellPath = /bin/sh;
			shellScript = "diff \"${PODS_PODFILE_DIR_PATH}/Podfile.lock\" \"${PODS_ROOT}/Manifest.lock\" > /dev/null\nif [ $? != 0 ] ; then\n    # print error to STDERR\n    echo \"error: The sandbox is not in sync with the Podfile.lock. Run 'pod install' or update your CocoaPods installation.\" >&2\n    exit 1\nfi\n# This output is used by Xcode 'outputs' to avoid re-running this script phase.\necho \"SUCCESS\" > \"${SCRIPT_OUTPUT_FILE_0}\"\n";
			showEnvVarsInLog = 0;
		};
		24DCA6940EE4453ED6992015 /* [CP] Embed Pods Frameworks */ = {
			isa = PBXShellScriptBuildPhase;
			buildActionMask = 2147483647;
			files = (
			);
			inputFileListPaths = (
				"${PODS_ROOT}/Target Support Files/Pods-FTCAppV3-FTCAppV3UITests/Pods-FTCAppV3-FTCAppV3UITests-frameworks-${CONFIGURATION}-input-files.xcfilelist",
			);
			name = "[CP] Embed Pods Frameworks";
			outputFileListPaths = (
				"${PODS_ROOT}/Target Support Files/Pods-FTCAppV3-FTCAppV3UITests/Pods-FTCAppV3-FTCAppV3UITests-frameworks-${CONFIGURATION}-output-files.xcfilelist",
			);
			runOnlyForDeploymentPostprocessing = 0;
			shellPath = /bin/sh;
			shellScript = "\"${PODS_ROOT}/Target Support Files/Pods-FTCAppV3-FTCAppV3UITests/Pods-FTCAppV3-FTCAppV3UITests-frameworks.sh\"\n";
			showEnvVarsInLog = 0;
		};
		B69ABE51CAE3852094EFECD2 /* [CP] Embed Pods Frameworks */ = {
			isa = PBXShellScriptBuildPhase;
			buildActionMask = 2147483647;
			files = (
			);
			inputFileListPaths = (
				"${PODS_ROOT}/Target Support Files/Pods-FTCAppV3/Pods-FTCAppV3-frameworks-${CONFIGURATION}-input-files.xcfilelist",
			);
			name = "[CP] Embed Pods Frameworks";
			outputFileListPaths = (
				"${PODS_ROOT}/Target Support Files/Pods-FTCAppV3/Pods-FTCAppV3-frameworks-${CONFIGURATION}-output-files.xcfilelist",
			);
			runOnlyForDeploymentPostprocessing = 0;
			shellPath = /bin/sh;
			shellScript = "\"${PODS_ROOT}/Target Support Files/Pods-FTCAppV3/Pods-FTCAppV3-frameworks.sh\"\n";
			showEnvVarsInLog = 0;
		};
		F1BD74C6E5CF84DB77E64E6B /* [CP] Check Pods Manifest.lock */ = {
			isa = PBXShellScriptBuildPhase;
			buildActionMask = 2147483647;
			files = (
			);
			inputFileListPaths = (
			);
			inputPaths = (
				"${PODS_PODFILE_DIR_PATH}/Podfile.lock",
				"${PODS_ROOT}/Manifest.lock",
			);
			name = "[CP] Check Pods Manifest.lock";
			outputFileListPaths = (
			);
			outputPaths = (
				"$(DERIVED_FILE_DIR)/Pods-FTCAppV3Tests-checkManifestLockResult.txt",
			);
			runOnlyForDeploymentPostprocessing = 0;
			shellPath = /bin/sh;
			shellScript = "diff \"${PODS_PODFILE_DIR_PATH}/Podfile.lock\" \"${PODS_ROOT}/Manifest.lock\" > /dev/null\nif [ $? != 0 ] ; then\n    # print error to STDERR\n    echo \"error: The sandbox is not in sync with the Podfile.lock. Run 'pod install' or update your CocoaPods installation.\" >&2\n    exit 1\nfi\n# This output is used by Xcode 'outputs' to avoid re-running this script phase.\necho \"SUCCESS\" > \"${SCRIPT_OUTPUT_FILE_0}\"\n";
			showEnvVarsInLog = 0;
		};
/* End PBXShellScriptBuildPhase section */

/* Begin PBXSourcesBuildPhase section */
		2C72ABAE24B04BC100A8AC15 /* Sources */ = {
			isa = PBXSourcesBuildPhase;
			buildActionMask = 2147483647;
			files = (
				2C72ABEA24B0518400A8AC15 /* IDData.swift in Sources */,
				2C72ABB624B04BC100A8AC15 /* AppDelegate.swift in Sources */,
				2C72ABB824B04BC100A8AC15 /* SceneDelegate.swift in Sources */,
				2C72ABE824B0515300A8AC15 /* ListMessage.swift in Sources */,
				2C72ABE624B0510500A8AC15 /* MessagePage.swift in Sources */,
				2C72ABEE24B051C000A8AC15 /* ImagePicker.swift in Sources */,
				2C72ABEC24B0519600A8AC15 /* DataFire.swift in Sources */,
				2C72ABBA24B04BC100A8AC15 /* ContentView.swift in Sources */,
			);
			runOnlyForDeploymentPostprocessing = 0;
		};
		2C72ABC424B04BC300A8AC15 /* Sources */ = {
			isa = PBXSourcesBuildPhase;
			buildActionMask = 2147483647;
			files = (
				2C72ABCD24B04BC300A8AC15 /* FTCAppV3Tests.swift in Sources */,
			);
			runOnlyForDeploymentPostprocessing = 0;
		};
		2C72ABCF24B04BC300A8AC15 /* Sources */ = {
			isa = PBXSourcesBuildPhase;
			buildActionMask = 2147483647;
			files = (
				2C72ABD824B04BC300A8AC15 /* FTCAppV3UITests.swift in Sources */,
			);
			runOnlyForDeploymentPostprocessing = 0;
		};
/* End PBXSourcesBuildPhase section */

/* Begin PBXTargetDependency section */
		2C72ABCA24B04BC300A8AC15 /* PBXTargetDependency */ = {
			isa = PBXTargetDependency;
			target = 2C72ABB124B04BC100A8AC15 /* FTCAppV3 */;
			targetProxy = 2C72ABC924B04BC300A8AC15 /* PBXContainerItemProxy */;
		};
		2C72ABD524B04BC300A8AC15 /* PBXTargetDependency */ = {
			isa = PBXTargetDependency;
			target = 2C72ABB124B04BC100A8AC15 /* FTCAppV3 */;
			targetProxy = 2C72ABD424B04BC300A8AC15 /* PBXContainerItemProxy */;
		};
/* End PBXTargetDependency section */

/* Begin PBXVariantGroup section */
		2C72ABC024B04BC300A8AC15 /* LaunchScreen.storyboard */ = {
			isa = PBXVariantGroup;
			children = (
				2C72ABC124B04BC300A8AC15 /* Base */,
			);
			name = LaunchScreen.storyboard;
			sourceTree = "<group>";
		};
/* End PBXVariantGroup section */

/* Begin XCBuildConfiguration section */
		2C72ABDA24B04BC300A8AC15 /* Debug */ = {
			isa = XCBuildConfiguration;
			buildSettings = {
				ALWAYS_SEARCH_USER_PATHS = NO;
				CLANG_ANALYZER_NONNULL = YES;
				CLANG_ANALYZER_NUMBER_OBJECT_CONVERSION = YES_AGGRESSIVE;
				CLANG_CXX_LANGUAGE_STANDARD = "gnu++14";
				CLANG_CXX_LIBRARY = "libc++";
				CLANG_ENABLE_MODULES = YES;
				CLANG_ENABLE_OBJC_ARC = YES;
				CLANG_ENABLE_OBJC_WEAK = YES;
				CLANG_WARN_BLOCK_CAPTURE_AUTORELEASING = YES;
				CLANG_WARN_BOOL_CONVERSION = YES;
				CLANG_WARN_COMMA = YES;
				CLANG_WARN_CONSTANT_CONVERSION = YES;
				CLANG_WARN_DEPRECATED_OBJC_IMPLEMENTATIONS = YES;
				CLANG_WARN_DIRECT_OBJC_ISA_USAGE = YES_ERROR;
				CLANG_WARN_DOCUMENTATION_COMMENTS = YES;
				CLANG_WARN_EMPTY_BODY = YES;
				CLANG_WARN_ENUM_CONVERSION = YES;
				CLANG_WARN_INFINITE_RECURSION = YES;
				CLANG_WARN_INT_CONVERSION = YES;
				CLANG_WARN_NON_LITERAL_NULL_CONVERSION = YES;
				CLANG_WARN_OBJC_IMPLICIT_RETAIN_SELF = YES;
				CLANG_WARN_OBJC_LITERAL_CONVERSION = YES;
				CLANG_WARN_OBJC_ROOT_CLASS = YES_ERROR;
				CLANG_WARN_RANGE_LOOP_ANALYSIS = YES;
				CLANG_WARN_STRICT_PROTOTYPES = YES;
				CLANG_WARN_SUSPICIOUS_MOVE = YES;
				CLANG_WARN_UNGUARDED_AVAILABILITY = YES_AGGRESSIVE;
				CLANG_WARN_UNREACHABLE_CODE = YES;
				CLANG_WARN__DUPLICATE_METHOD_MATCH = YES;
				COPY_PHASE_STRIP = NO;
				DEBUG_INFORMATION_FORMAT = dwarf;
				ENABLE_STRICT_OBJC_MSGSEND = YES;
				ENABLE_TESTABILITY = YES;
				GCC_C_LANGUAGE_STANDARD = gnu11;
				GCC_DYNAMIC_NO_PIC = NO;
				GCC_NO_COMMON_BLOCKS = YES;
				GCC_OPTIMIZATION_LEVEL = 0;
				GCC_PREPROCESSOR_DEFINITIONS = (
					"DEBUG=1",
					"$(inherited)",
				);
				GCC_WARN_64_TO_32_BIT_CONVERSION = YES;
				GCC_WARN_ABOUT_RETURN_TYPE = YES_ERROR;
				GCC_WARN_UNDECLARED_SELECTOR = YES;
				GCC_WARN_UNINITIALIZED_AUTOS = YES_AGGRESSIVE;
				GCC_WARN_UNUSED_FUNCTION = YES;
				GCC_WARN_UNUSED_VARIABLE = YES;
				IPHONEOS_DEPLOYMENT_TARGET = 13.4;
				MTL_ENABLE_DEBUG_INFO = INCLUDE_SOURCE;
				MTL_FAST_MATH = YES;
				ONLY_ACTIVE_ARCH = YES;
				SDKROOT = iphoneos;
				SWIFT_ACTIVE_COMPILATION_CONDITIONS = DEBUG;
				SWIFT_OPTIMIZATION_LEVEL = "-Onone";
			};
			name = Debug;
		};
		2C72ABDB24B04BC300A8AC15 /* Release */ = {
			isa = XCBuildConfiguration;
			buildSettings = {
				ALWAYS_SEARCH_USER_PATHS = NO;
				CLANG_ANALYZER_NONNULL = YES;
				CLANG_ANALYZER_NUMBER_OBJECT_CONVERSION = YES_AGGRESSIVE;
				CLANG_CXX_LANGUAGE_STANDARD = "gnu++14";
				CLANG_CXX_LIBRARY = "libc++";
				CLANG_ENABLE_MODULES = YES;
				CLANG_ENABLE_OBJC_ARC = YES;
				CLANG_ENABLE_OBJC_WEAK = YES;
				CLANG_WARN_BLOCK_CAPTURE_AUTORELEASING = YES;
				CLANG_WARN_BOOL_CONVERSION = YES;
				CLANG_WARN_COMMA = YES;
				CLANG_WARN_CONSTANT_CONVERSION = YES;
				CLANG_WARN_DEPRECATED_OBJC_IMPLEMENTATIONS = YES;
				CLANG_WARN_DIRECT_OBJC_ISA_USAGE = YES_ERROR;
				CLANG_WARN_DOCUMENTATION_COMMENTS = YES;
				CLANG_WARN_EMPTY_BODY = YES;
				CLANG_WARN_ENUM_CONVERSION = YES;
				CLANG_WARN_INFINITE_RECURSION = YES;
				CLANG_WARN_INT_CONVERSION = YES;
				CLANG_WARN_NON_LITERAL_NULL_CONVERSION = YES;
				CLANG_WARN_OBJC_IMPLICIT_RETAIN_SELF = YES;
				CLANG_WARN_OBJC_LITERAL_CONVERSION = YES;
				CLANG_WARN_OBJC_ROOT_CLASS = YES_ERROR;
				CLANG_WARN_RANGE_LOOP_ANALYSIS = YES;
				CLANG_WARN_STRICT_PROTOTYPES = YES;
				CLANG_WARN_SUSPICIOUS_MOVE = YES;
				CLANG_WARN_UNGUARDED_AVAILABILITY = YES_AGGRESSIVE;
				CLANG_WARN_UNREACHABLE_CODE = YES;
				CLANG_WARN__DUPLICATE_METHOD_MATCH = YES;
				COPY_PHASE_STRIP = NO;
				DEBUG_INFORMATION_FORMAT = "dwarf-with-dsym";
				ENABLE_NS_ASSERTIONS = NO;
				ENABLE_STRICT_OBJC_MSGSEND = YES;
				GCC_C_LANGUAGE_STANDARD = gnu11;
				GCC_NO_COMMON_BLOCKS = YES;
				GCC_WARN_64_TO_32_BIT_CONVERSION = YES;
				GCC_WARN_ABOUT_RETURN_TYPE = YES_ERROR;
				GCC_WARN_UNDECLARED_SELECTOR = YES;
				GCC_WARN_UNINITIALIZED_AUTOS = YES_AGGRESSIVE;
				GCC_WARN_UNUSED_FUNCTION = YES;
				GCC_WARN_UNUSED_VARIABLE = YES;
				IPHONEOS_DEPLOYMENT_TARGET = 13.4;
				MTL_ENABLE_DEBUG_INFO = NO;
				MTL_FAST_MATH = YES;
				SDKROOT = iphoneos;
				SWIFT_COMPILATION_MODE = wholemodule;
				SWIFT_OPTIMIZATION_LEVEL = "-O";
				VALIDATE_PRODUCT = YES;
			};
			name = Release;
		};
		2C72ABDD24B04BC300A8AC15 /* Debug */ = {
			isa = XCBuildConfiguration;
			baseConfigurationReference = E3459533EA1F7CC664A71AE2 /* Pods-FTCAppV3.debug.xcconfig */;
			buildSettings = {
				ASSETCATALOG_COMPILER_APPICON_NAME = AppIcon;
				CODE_SIGN_STYLE = Automatic;
				DEVELOPMENT_ASSET_PATHS = "\"FTCAppV3/Preview Content\"";
				DEVELOPMENT_TEAM = F7J2KP5282;
				ENABLE_PREVIEWS = YES;
				INFOPLIST_FILE = FTCAppV3/Info.plist;
				LD_RUNPATH_SEARCH_PATHS = (
					"$(inherited)",
					"@executable_path/Frameworks",
				);
				PRODUCT_BUNDLE_IDENTIFIER = co.rohitravi.FTCAppV3;
				PRODUCT_NAME = "$(TARGET_NAME)";
				SWIFT_VERSION = 5.0;
				TARGETED_DEVICE_FAMILY = "1,2";
			};
			name = Debug;
		};
		2C72ABDE24B04BC300A8AC15 /* Release */ = {
			isa = XCBuildConfiguration;
			baseConfigurationReference = 7FDA72F4CBDEC452242FFFCD /* Pods-FTCAppV3.release.xcconfig */;
			buildSettings = {
				ASSETCATALOG_COMPILER_APPICON_NAME = AppIcon;
				CODE_SIGN_STYLE = Automatic;
				DEVELOPMENT_ASSET_PATHS = "\"FTCAppV3/Preview Content\"";
				DEVELOPMENT_TEAM = F7J2KP5282;
				ENABLE_PREVIEWS = YES;
				INFOPLIST_FILE = FTCAppV3/Info.plist;
				LD_RUNPATH_SEARCH_PATHS = (
					"$(inherited)",
					"@executable_path/Frameworks",
				);
				PRODUCT_BUNDLE_IDENTIFIER = co.rohitravi.FTCAppV3;
				PRODUCT_NAME = "$(TARGET_NAME)";
				SWIFT_VERSION = 5.0;
				TARGETED_DEVICE_FAMILY = "1,2";
			};
			name = Release;
		};
		2C72ABE024B04BC300A8AC15 /* Debug */ = {
			isa = XCBuildConfiguration;
			baseConfigurationReference = BF3A7100E0C40055B47D2A9C /* Pods-FTCAppV3Tests.debug.xcconfig */;
			buildSettings = {
				ALWAYS_EMBED_SWIFT_STANDARD_LIBRARIES = YES;
				BUNDLE_LOADER = "$(TEST_HOST)";
				CODE_SIGN_STYLE = Automatic;
				DEVELOPMENT_TEAM = F7J2KP5282;
				INFOPLIST_FILE = FTCAppV3Tests/Info.plist;
				IPHONEOS_DEPLOYMENT_TARGET = 13.4;
				LD_RUNPATH_SEARCH_PATHS = (
					"$(inherited)",
					"@executable_path/Frameworks",
					"@loader_path/Frameworks",
				);
				PRODUCT_BUNDLE_IDENTIFIER = co.rohitravi.FTCAppV3Tests;
				PRODUCT_NAME = "$(TARGET_NAME)";
				SWIFT_VERSION = 5.0;
				TARGETED_DEVICE_FAMILY = "1,2";
				TEST_HOST = "$(BUILT_PRODUCTS_DIR)/FTCAppV3.app/FTCAppV3";
			};
			name = Debug;
		};
		2C72ABE124B04BC300A8AC15 /* Release */ = {
			isa = XCBuildConfiguration;
			baseConfigurationReference = 13265EEC006AE52C8E1F50D2 /* Pods-FTCAppV3Tests.release.xcconfig */;
			buildSettings = {
				ALWAYS_EMBED_SWIFT_STANDARD_LIBRARIES = YES;
				BUNDLE_LOADER = "$(TEST_HOST)";
				CODE_SIGN_STYLE = Automatic;
				DEVELOPMENT_TEAM = F7J2KP5282;
				INFOPLIST_FILE = FTCAppV3Tests/Info.plist;
				IPHONEOS_DEPLOYMENT_TARGET = 13.4;
				LD_RUNPATH_SEARCH_PATHS = (
					"$(inherited)",
					"@executable_path/Frameworks",
					"@loader_path/Frameworks",
				);
				PRODUCT_BUNDLE_IDENTIFIER = co.rohitravi.FTCAppV3Tests;
				PRODUCT_NAME = "$(TARGET_NAME)";
				SWIFT_VERSION = 5.0;
				TARGETED_DEVICE_FAMILY = "1,2";
				TEST_HOST = "$(BUILT_PRODUCTS_DIR)/FTCAppV3.app/FTCAppV3";
			};
			name = Release;
		};
		2C72ABE324B04BC300A8AC15 /* Debug */ = {
			isa = XCBuildConfiguration;
			baseConfigurationReference = E51E33FD03729A718AFCDBBF /* Pods-FTCAppV3-FTCAppV3UITests.debug.xcconfig */;
			buildSettings = {
				ALWAYS_EMBED_SWIFT_STANDARD_LIBRARIES = YES;
				CODE_SIGN_STYLE = Automatic;
				DEVELOPMENT_TEAM = F7J2KP5282;
				INFOPLIST_FILE = FTCAppV3UITests/Info.plist;
				LD_RUNPATH_SEARCH_PATHS = (
					"$(inherited)",
					"@executable_path/Frameworks",
					"@loader_path/Frameworks",
				);
				PRODUCT_BUNDLE_IDENTIFIER = co.rohitravi.FTCAppV3UITests;
				PRODUCT_NAME = "$(TARGET_NAME)";
				SWIFT_VERSION = 5.0;
				TARGETED_DEVICE_FAMILY = "1,2";
				TEST_TARGET_NAME = FTCAppV3;
			};
			name = Debug;
		};
		2C72ABE424B04BC300A8AC15 /* Release */ = {
			isa = XCBuildConfiguration;
			baseConfigurationReference = 2AA3946504A65E36F2D03F53 /* Pods-FTCAppV3-FTCAppV3UITests.release.xcconfig */;
			buildSettings = {
				ALWAYS_EMBED_SWIFT_STANDARD_LIBRARIES = YES;
				CODE_SIGN_STYLE = Automatic;
				DEVELOPMENT_TEAM = F7J2KP5282;
				INFOPLIST_FILE = FTCAppV3UITests/Info.plist;
				LD_RUNPATH_SEARCH_PATHS = (
					"$(inherited)",
					"@executable_path/Frameworks",
					"@loader_path/Frameworks",
				);
				PRODUCT_BUNDLE_IDENTIFIER = co.rohitravi.FTCAppV3UITests;
				PRODUCT_NAME = "$(TARGET_NAME)";
				SWIFT_VERSION = 5.0;
				TARGETED_DEVICE_FAMILY = "1,2";
				TEST_TARGET_NAME = FTCAppV3;
			};
			name = Release;
		};
/* End XCBuildConfiguration section */

/* Begin XCConfigurationList section */
		2C72ABAD24B04BC100A8AC15 /* Build configuration list for PBXProject "FTCAppV3" */ = {
			isa = XCConfigurationList;
			buildConfigurations = (
				2C72ABDA24B04BC300A8AC15 /* Debug */,
				2C72ABDB24B04BC300A8AC15 /* Release */,
			);
			defaultConfigurationIsVisible = 0;
			defaultConfigurationName = Release;
		};
		2C72ABDC24B04BC300A8AC15 /* Build configuration list for PBXNativeTarget "FTCAppV3" */ = {
			isa = XCConfigurationList;
			buildConfigurations = (
				2C72ABDD24B04BC300A8AC15 /* Debug */,
				2C72ABDE24B04BC300A8AC15 /* Release */,
			);
			defaultConfigurationIsVisible = 0;
			defaultConfigurationName = Release;
		};
		2C72ABDF24B04BC300A8AC15 /* Build configuration list for PBXNativeTarget "FTCAppV3Tests" */ = {
			isa = XCConfigurationList;
			buildConfigurations = (
				2C72ABE024B04BC300A8AC15 /* Debug */,
				2C72ABE124B04BC300A8AC15 /* Release */,
			);
			defaultConfigurationIsVisible = 0;
			defaultConfigurationName = Release;
		};
		2C72ABE224B04BC300A8AC15 /* Build configuration list for PBXNativeTarget "FTCAppV3UITests" */ = {
			isa = XCConfigurationList;
			buildConfigurations = (
				2C72ABE324B04BC300A8AC15 /* Debug */,
				2C72ABE424B04BC300A8AC15 /* Release */,
			);
			defaultConfigurationIsVisible = 0;
			defaultConfigurationName = Release;
		};
/* End XCConfigurationList section */
	};
	rootObject = 2C72ABAA24B04BC100A8AC15 /* Project object */;
}
